
Microsoft Visual Studio Solution File, Format Version 12.00
# Visual Studio Version 16
VisualStudioVersion = 16.0.32126.315
MinimumVisualStudioVersion = 10.0.40219.1
Project("{FAE04EC0-301F-11D3-BF4B-00C04F79EFBC}") = "InterFace_Date_Time", "InterFace_Date_Time\InterFace_Date_Time.csproj", "{25DFAFE5-308F-4847-891A-BAA2F95183BB}"
EndProject
Global
	GlobalSection(SolutionConfigurationPlatforms) = preSolution
		Debug|Any CPU = Debug|Any CPU
		Release|Any CPU = Release|Any CPU
	EndGlobalSection
	GlobalSection(ProjectConfigurationPlatforms) = postSolution
		{25DFAFE5-308F-4847-891A-BAA2F95183BB}.Debug|Any CPU.ActiveCfg = Debug|Any CPU
		{25DFAFE5-308F-4847-891A-BAA2F95183BB}.Debug|Any CPU.Build.0 = Debug|Any CPU
		{25DFAFE5-308F-4847-891A-BAA2F95183BB}.Release|Any CPU.ActiveCfg = Release|Any CPU
		{25DFAFE5-308F-4847-891A-BAA2F95183BB}.Release|Any CPU.Build.0 = Release|Any CPU
	EndGlobalSection
	GlobalSection(SolutionProperties) = preSolution
		HideSolutionNode = FALSE
	EndGlobalSection
	GlobalSection(ExtensibilityGlobals) = postSolution
		SolutionGuid = {96491154-7AF1-443F-84D2-A1307A300D68}
	EndGlobalSection
EndGlobal
