
Microsoft Visual Studio Solution File, Format Version 12.00
# Visual Studio Version 16
VisualStudioVersion = 16.0.32126.315
MinimumVisualStudioVersion = 10.0.40219.1
Project("{FAE04EC0-301F-11D3-BF4B-00C04F79EFBC}") = "Pattern Matching Switch Statement", "Pattern Matching Switch Statement\Pattern Matching Switch Statement.csproj", "{1E798522-9D7E-4A82-B74A-5D725A56FBCB}"
EndProject
Global
	GlobalSection(SolutionConfigurationPlatforms) = preSolution
		Debug|Any CPU = Debug|Any CPU
		Release|Any CPU = Release|Any CPU
	EndGlobalSection
	GlobalSection(ProjectConfigurationPlatforms) = postSolution
		{1E798522-9D7E-4A82-B74A-5D725A56FBCB}.Debug|Any CPU.ActiveCfg = Debug|Any CPU
		{1E798522-9D7E-4A82-B74A-5D725A56FBCB}.Debug|Any CPU.Build.0 = Debug|Any CPU
		{1E798522-9D7E-4A82-B74A-5D725A56FBCB}.Release|Any CPU.ActiveCfg = Release|Any CPU
		{1E798522-9D7E-4A82-B74A-5D725A56FBCB}.Release|Any CPU.Build.0 = Release|Any CPU
	EndGlobalSection
	GlobalSection(SolutionProperties) = preSolution
		HideSolutionNode = FALSE
	EndGlobalSection
	GlobalSection(ExtensibilityGlobals) = postSolution
		SolutionGuid = {2A7D2033-9D84-45B0-BFB9-06FEE5755DAF}
	EndGlobalSection
EndGlobal
