
Microsoft Visual Studio Solution File, Format Version 12.00
# Visual Studio Version 16
VisualStudioVersion = 16.0.32126.315
MinimumVisualStudioVersion = 10.0.40219.1
Project("{FAE04EC0-301F-11D3-BF4B-00C04F79EFBC}") = "newFeature", "newFeature\newFeature.csproj", "{DA0C53BA-2CFF-4F07-A86A-4CBB58C7F781}"
EndProject
Global
	GlobalSection(SolutionConfigurationPlatforms) = preSolution
		Debug|Any CPU = Debug|Any CPU
		Release|Any CPU = Release|Any CPU
	EndGlobalSection
	GlobalSection(ProjectConfigurationPlatforms) = postSolution
		{DA0C53BA-2CFF-4F07-A86A-4CBB58C7F781}.Debug|Any CPU.ActiveCfg = Debug|Any CPU
		{DA0C53BA-2CFF-4F07-A86A-4CBB58C7F781}.Debug|Any CPU.Build.0 = Debug|Any CPU
		{DA0C53BA-2CFF-4F07-A86A-4CBB58C7F781}.Release|Any CPU.ActiveCfg = Release|Any CPU
		{DA0C53BA-2CFF-4F07-A86A-4CBB58C7F781}.Release|Any CPU.Build.0 = Release|Any CPU
	EndGlobalSection
	GlobalSection(SolutionProperties) = preSolution
		HideSolutionNode = FALSE
	EndGlobalSection
	GlobalSection(ExtensibilityGlobals) = postSolution
		SolutionGuid = {5DA2972E-DD72-4767-9836-E65F73D934E6}
	EndGlobalSection
EndGlobal
