
Microsoft Visual Studio Solution File, Format Version 12.00
# Visual Studio Version 16
VisualStudioVersion = 16.0.32126.315
MinimumVisualStudioVersion = 10.0.40219.1
Project("{FAE04EC0-301F-11D3-BF4B-00C04F79EFBC}") = "PertialClass", "PertialClass\PertialClass.csproj", "{B68AE9F2-0CBD-4F7C-A37F-5E004B5ABC54}"
EndProject
Global
	GlobalSection(SolutionConfigurationPlatforms) = preSolution
		Debug|Any CPU = Debug|Any CPU
		Release|Any CPU = Release|Any CPU
	EndGlobalSection
	GlobalSection(ProjectConfigurationPlatforms) = postSolution
		{B68AE9F2-0CBD-4F7C-A37F-5E004B5ABC54}.Debug|Any CPU.ActiveCfg = Debug|Any CPU
		{B68AE9F2-0CBD-4F7C-A37F-5E004B5ABC54}.Debug|Any CPU.Build.0 = Debug|Any CPU
		{B68AE9F2-0CBD-4F7C-A37F-5E004B5ABC54}.Release|Any CPU.ActiveCfg = Release|Any CPU
		{B68AE9F2-0CBD-4F7C-A37F-5E004B5ABC54}.Release|Any CPU.Build.0 = Release|Any CPU
	EndGlobalSection
	GlobalSection(SolutionProperties) = preSolution
		HideSolutionNode = FALSE
	EndGlobalSection
	GlobalSection(ExtensibilityGlobals) = postSolution
		SolutionGuid = {CF561B74-B2AB-40B3-8DFA-2BD5081C0CD2}
	EndGlobalSection
EndGlobal
