
Microsoft Visual Studio Solution File, Format Version 12.00
# Visual Studio Version 16
VisualStudioVersion = 16.0.32126.315
MinimumVisualStudioVersion = 10.0.40219.1
Project("{FAE04EC0-301F-11D3-BF4B-00C04F79EFBC}") = "Without Auto Initialize Property in 6.0 Demo1", "Without Auto Initialize Property in 6.0 Demo1\Without Auto Initialize Property in 6.0 Demo1.csproj", "{38B24194-78C5-4F62-9E5E-61A87A452D3B}"
EndProject
Global
	GlobalSection(SolutionConfigurationPlatforms) = preSolution
		Debug|Any CPU = Debug|Any CPU
		Release|Any CPU = Release|Any CPU
	EndGlobalSection
	GlobalSection(ProjectConfigurationPlatforms) = postSolution
		{38B24194-78C5-4F62-9E5E-61A87A452D3B}.Debug|Any CPU.ActiveCfg = Debug|Any CPU
		{38B24194-78C5-4F62-9E5E-61A87A452D3B}.Debug|Any CPU.Build.0 = Debug|Any CPU
		{38B24194-78C5-4F62-9E5E-61A87A452D3B}.Release|Any CPU.ActiveCfg = Release|Any CPU
		{38B24194-78C5-4F62-9E5E-61A87A452D3B}.Release|Any CPU.Build.0 = Release|Any CPU
	EndGlobalSection
	GlobalSection(SolutionProperties) = preSolution
		HideSolutionNode = FALSE
	EndGlobalSection
	GlobalSection(ExtensibilityGlobals) = postSolution
		SolutionGuid = {D378DFE4-1BBF-4E02-A8C9-CA2A13440081}
	EndGlobalSection
EndGlobal
