
Microsoft Visual Studio Solution File, Format Version 12.00
# Visual Studio Version 16
VisualStudioVersion = 16.0.32126.315
MinimumVisualStudioVersion = 10.0.40219.1
Project("{FAE04EC0-301F-11D3-BF4B-00C04F79EFBC}") = "File Stream Reader Demo", "File Stream Reader Demo\File Stream Reader Demo.csproj", "{F47D8271-A24C-4BD0-889A-9EFA68D24B5A}"
EndProject
Global
	GlobalSection(SolutionConfigurationPlatforms) = preSolution
		Debug|Any CPU = Debug|Any CPU
		Release|Any CPU = Release|Any CPU
	EndGlobalSection
	GlobalSection(ProjectConfigurationPlatforms) = postSolution
		{F47D8271-A24C-4BD0-889A-9EFA68D24B5A}.Debug|Any CPU.ActiveCfg = Debug|Any CPU
		{F47D8271-A24C-4BD0-889A-9EFA68D24B5A}.Debug|Any CPU.Build.0 = Debug|Any CPU
		{F47D8271-A24C-4BD0-889A-9EFA68D24B5A}.Release|Any CPU.ActiveCfg = Release|Any CPU
		{F47D8271-A24C-4BD0-889A-9EFA68D24B5A}.Release|Any CPU.Build.0 = Release|Any CPU
	EndGlobalSection
	GlobalSection(SolutionProperties) = preSolution
		HideSolutionNode = FALSE
	EndGlobalSection
	GlobalSection(ExtensibilityGlobals) = postSolution
		SolutionGuid = {AADCF25B-7BC9-4450-8EB2-73A36CEAEED1}
	EndGlobalSection
EndGlobal
