
Microsoft Visual Studio Solution File, Format Version 12.00
# Visual Studio Version 16
VisualStudioVersion = 16.0.32126.315
MinimumVisualStudioVersion = 10.0.40219.1
Project("{FAE04EC0-301F-11D3-BF4B-00C04F79EFBC}") = "Tuple Class Example", "Tuple Class Example\Tuple Class Example.csproj", "{66F07663-4CDE-436E-9376-8ED9C59CD95F}"
EndProject
Global
	GlobalSection(SolutionConfigurationPlatforms) = preSolution
		Debug|Any CPU = Debug|Any CPU
		Release|Any CPU = Release|Any CPU
	EndGlobalSection
	GlobalSection(ProjectConfigurationPlatforms) = postSolution
		{66F07663-4CDE-436E-9376-8ED9C59CD95F}.Debug|Any CPU.ActiveCfg = Debug|Any CPU
		{66F07663-4CDE-436E-9376-8ED9C59CD95F}.Debug|Any CPU.Build.0 = Debug|Any CPU
		{66F07663-4CDE-436E-9376-8ED9C59CD95F}.Release|Any CPU.ActiveCfg = Release|Any CPU
		{66F07663-4CDE-436E-9376-8ED9C59CD95F}.Release|Any CPU.Build.0 = Release|Any CPU
	EndGlobalSection
	GlobalSection(SolutionProperties) = preSolution
		HideSolutionNode = FALSE
	EndGlobalSection
	GlobalSection(ExtensibilityGlobals) = postSolution
		SolutionGuid = {4CF0D5BF-8584-4D76-A99E-7E74BCA48F85}
	EndGlobalSection
EndGlobal
