
Microsoft Visual Studio Solution File, Format Version 12.00
# Visual Studio Version 16
VisualStudioVersion = 16.0.32126.315
MinimumVisualStudioVersion = 10.0.40219.1
Project("{FAE04EC0-301F-11D3-BF4B-00C04F79EFBC}") = "InterfaceAddition", "InterfaceAddition\InterfaceAddition.csproj", "{43EEE904-4999-4B2D-9D66-25527A0F87C0}"
EndProject
Global
	GlobalSection(SolutionConfigurationPlatforms) = preSolution
		Debug|Any CPU = Debug|Any CPU
		Release|Any CPU = Release|Any CPU
	EndGlobalSection
	GlobalSection(ProjectConfigurationPlatforms) = postSolution
		{43EEE904-4999-4B2D-9D66-25527A0F87C0}.Debug|Any CPU.ActiveCfg = Debug|Any CPU
		{43EEE904-4999-4B2D-9D66-25527A0F87C0}.Debug|Any CPU.Build.0 = Debug|Any CPU
		{43EEE904-4999-4B2D-9D66-25527A0F87C0}.Release|Any CPU.ActiveCfg = Release|Any CPU
		{43EEE904-4999-4B2D-9D66-25527A0F87C0}.Release|Any CPU.Build.0 = Release|Any CPU
	EndGlobalSection
	GlobalSection(SolutionProperties) = preSolution
		HideSolutionNode = FALSE
	EndGlobalSection
	GlobalSection(ExtensibilityGlobals) = postSolution
		SolutionGuid = {2F9CF72A-EED2-442A-9EAC-B718B410370D}
	EndGlobalSection
EndGlobal
