
Microsoft Visual Studio Solution File, Format Version 12.00
# Visual Studio Version 16
VisualStudioVersion = 16.0.32126.315
MinimumVisualStudioVersion = 10.0.40219.1
Project("{FAE04EC0-301F-11D3-BF4B-00C04F79EFBC}") = "Delegate3", "Delegate3\Delegate3.csproj", "{7CB38FE9-F20E-4A38-B738-3CB0540B6844}"
EndProject
Global
	GlobalSection(SolutionConfigurationPlatforms) = preSolution
		Debug|Any CPU = Debug|Any CPU
		Release|Any CPU = Release|Any CPU
	EndGlobalSection
	GlobalSection(ProjectConfigurationPlatforms) = postSolution
		{7CB38FE9-F20E-4A38-B738-3CB0540B6844}.Debug|Any CPU.ActiveCfg = Debug|Any CPU
		{7CB38FE9-F20E-4A38-B738-3CB0540B6844}.Debug|Any CPU.Build.0 = Debug|Any CPU
		{7CB38FE9-F20E-4A38-B738-3CB0540B6844}.Release|Any CPU.ActiveCfg = Release|Any CPU
		{7CB38FE9-F20E-4A38-B738-3CB0540B6844}.Release|Any CPU.Build.0 = Release|Any CPU
	EndGlobalSection
	GlobalSection(SolutionProperties) = preSolution
		HideSolutionNode = FALSE
	EndGlobalSection
	GlobalSection(ExtensibilityGlobals) = postSolution
		SolutionGuid = {9E8336B6-5852-4B74-9767-FFEB49554170}
	EndGlobalSection
EndGlobal
