
Microsoft Visual Studio Solution File, Format Version 12.00
# Visual Studio Version 16
VisualStudioVersion = 16.0.32126.315
MinimumVisualStudioVersion = 10.0.40219.1
Project("{FAE04EC0-301F-11D3-BF4B-00C04F79EFBC}") = "ConsoleApp3", "ConsoleApp3\ConsoleApp3.csproj", "{EEA759FA-0FB0-4E38-AAB4-23406F90DB18}"
EndProject
Global
	GlobalSection(SolutionConfigurationPlatforms) = preSolution
		Debug|Any CPU = Debug|Any CPU
		Release|Any CPU = Release|Any CPU
	EndGlobalSection
	GlobalSection(ProjectConfigurationPlatforms) = postSolution
		{EEA759FA-0FB0-4E38-AAB4-23406F90DB18}.Debug|Any CPU.ActiveCfg = Debug|Any CPU
		{EEA759FA-0FB0-4E38-AAB4-23406F90DB18}.Debug|Any CPU.Build.0 = Debug|Any CPU
		{EEA759FA-0FB0-4E38-AAB4-23406F90DB18}.Release|Any CPU.ActiveCfg = Release|Any CPU
		{EEA759FA-0FB0-4E38-AAB4-23406F90DB18}.Release|Any CPU.Build.0 = Release|Any CPU
	EndGlobalSection
	GlobalSection(SolutionProperties) = preSolution
		HideSolutionNode = FALSE
	EndGlobalSection
	GlobalSection(ExtensibilityGlobals) = postSolution
		SolutionGuid = {BB5CAC4F-EF45-45D6-91D7-9366FF297670}
	EndGlobalSection
EndGlobal
