
Microsoft Visual Studio Solution File, Format Version 12.00
# Visual Studio Version 16
VisualStudioVersion = 16.0.32126.315
MinimumVisualStudioVersion = 10.0.40219.1
Project("{FAE04EC0-301F-11D3-BF4B-00C04F79EFBC}") = "Implement Exception Hendaling Using Multiple Catch Block", "Implement Exception Hendaling Using Multiple Catch Block\Implement Exception Hendaling Using Multiple Catch Block.csproj", "{3D701F8D-78A5-4480-B524-C4E295C520BE}"
EndProject
Global
	GlobalSection(SolutionConfigurationPlatforms) = preSolution
		Debug|Any CPU = Debug|Any CPU
		Release|Any CPU = Release|Any CPU
	EndGlobalSection
	GlobalSection(ProjectConfigurationPlatforms) = postSolution
		{3D701F8D-78A5-4480-B524-C4E295C520BE}.Debug|Any CPU.ActiveCfg = Debug|Any CPU
		{3D701F8D-78A5-4480-B524-C4E295C520BE}.Debug|Any CPU.Build.0 = Debug|Any CPU
		{3D701F8D-78A5-4480-B524-C4E295C520BE}.Release|Any CPU.ActiveCfg = Release|Any CPU
		{3D701F8D-78A5-4480-B524-C4E295C520BE}.Release|Any CPU.Build.0 = Release|Any CPU
	EndGlobalSection
	GlobalSection(SolutionProperties) = preSolution
		HideSolutionNode = FALSE
	EndGlobalSection
	GlobalSection(ExtensibilityGlobals) = postSolution
		SolutionGuid = {9F5A809D-8C40-45C9-AEE6-D84ABF7B485D}
	EndGlobalSection
EndGlobal
