
Microsoft Visual Studio Solution File, Format Version 12.00
# Visual Studio Version 16
VisualStudioVersion = 16.0.32126.315
MinimumVisualStudioVersion = 10.0.40219.1
Project("{FAE04EC0-301F-11D3-BF4B-00C04F79EFBC}") = "Count all characters from a given string", "Count all characters from a given string\Count all characters from a given string.csproj", "{7335B2F5-FE84-419E-8A33-B92D9240255F}"
EndProject
Global
	GlobalSection(SolutionConfigurationPlatforms) = preSolution
		Debug|Any CPU = Debug|Any CPU
		Release|Any CPU = Release|Any CPU
	EndGlobalSection
	GlobalSection(ProjectConfigurationPlatforms) = postSolution
		{7335B2F5-FE84-419E-8A33-B92D9240255F}.Debug|Any CPU.ActiveCfg = Debug|Any CPU
		{7335B2F5-FE84-419E-8A33-B92D9240255F}.Debug|Any CPU.Build.0 = Debug|Any CPU
		{7335B2F5-FE84-419E-8A33-B92D9240255F}.Release|Any CPU.ActiveCfg = Release|Any CPU
		{7335B2F5-FE84-419E-8A33-B92D9240255F}.Release|Any CPU.Build.0 = Release|Any CPU
	EndGlobalSection
	GlobalSection(SolutionProperties) = preSolution
		HideSolutionNode = FALSE
	EndGlobalSection
	GlobalSection(ExtensibilityGlobals) = postSolution
		SolutionGuid = {4FE94163-1B16-4C10-A1E4-A2130386BE4F}
	EndGlobalSection
EndGlobal
