
Microsoft Visual Studio Solution File, Format Version 12.00
# Visual Studio Version 16
VisualStudioVersion = 16.0.32126.315
MinimumVisualStudioVersion = 10.0.40219.1
Project("{FAE04EC0-301F-11D3-BF4B-00C04F79EFBC}") = "static_readonly", "static_readonly\static_readonly.csproj", "{BF34C8BF-682E-428B-8A94-F8BBECFF587E}"
EndProject
Global
	GlobalSection(SolutionConfigurationPlatforms) = preSolution
		Debug|Any CPU = Debug|Any CPU
		Release|Any CPU = Release|Any CPU
	EndGlobalSection
	GlobalSection(ProjectConfigurationPlatforms) = postSolution
		{BF34C8BF-682E-428B-8A94-F8BBECFF587E}.Debug|Any CPU.ActiveCfg = Debug|Any CPU
		{BF34C8BF-682E-428B-8A94-F8BBECFF587E}.Debug|Any CPU.Build.0 = Debug|Any CPU
		{BF34C8BF-682E-428B-8A94-F8BBECFF587E}.Release|Any CPU.ActiveCfg = Release|Any CPU
		{BF34C8BF-682E-428B-8A94-F8BBECFF587E}.Release|Any CPU.Build.0 = Release|Any CPU
	EndGlobalSection
	GlobalSection(SolutionProperties) = preSolution
		HideSolutionNode = FALSE
	EndGlobalSection
	GlobalSection(ExtensibilityGlobals) = postSolution
		SolutionGuid = {B92CD662-1060-4F77-9457-F01DCD87077F}
	EndGlobalSection
EndGlobal
