
Microsoft Visual Studio Solution File, Format Version 12.00
# Visual Studio Version 16
VisualStudioVersion = 16.0.32126.315
MinimumVisualStudioVersion = 10.0.40219.1
Project("{FAE04EC0-301F-11D3-BF4B-00C04F79EFBC}") = "interface_inheritance", "interface_inheritance\interface_inheritance.csproj", "{B0F6710A-7674-44FF-8D15-6C203293756E}"
EndProject
Global
	GlobalSection(SolutionConfigurationPlatforms) = preSolution
		Debug|Any CPU = Debug|Any CPU
		Release|Any CPU = Release|Any CPU
	EndGlobalSection
	GlobalSection(ProjectConfigurationPlatforms) = postSolution
		{B0F6710A-7674-44FF-8D15-6C203293756E}.Debug|Any CPU.ActiveCfg = Debug|Any CPU
		{B0F6710A-7674-44FF-8D15-6C203293756E}.Debug|Any CPU.Build.0 = Debug|Any CPU
		{B0F6710A-7674-44FF-8D15-6C203293756E}.Release|Any CPU.ActiveCfg = Release|Any CPU
		{B0F6710A-7674-44FF-8D15-6C203293756E}.Release|Any CPU.Build.0 = Release|Any CPU
	EndGlobalSection
	GlobalSection(SolutionProperties) = preSolution
		HideSolutionNode = FALSE
	EndGlobalSection
	GlobalSection(ExtensibilityGlobals) = postSolution
		SolutionGuid = {FD802906-0F0B-49AF-97F3-795A2E258026}
	EndGlobalSection
EndGlobal
