
Microsoft Visual Studio Solution File, Format Version 12.00
# Visual Studio Version 16
VisualStudioVersion = 16.0.32126.315
MinimumVisualStudioVersion = 10.0.40219.1
Project("{FAE04EC0-301F-11D3-BF4B-00C04F79EFBC}") = "LinkedListdemo", "LinkedListdemo\LinkedListdemo.csproj", "{4F707EF2-798F-49AD-A69C-18CA4358E74C}"
EndProject
Global
	GlobalSection(SolutionConfigurationPlatforms) = preSolution
		Debug|Any CPU = Debug|Any CPU
		Release|Any CPU = Release|Any CPU
	EndGlobalSection
	GlobalSection(ProjectConfigurationPlatforms) = postSolution
		{4F707EF2-798F-49AD-A69C-18CA4358E74C}.Debug|Any CPU.ActiveCfg = Debug|Any CPU
		{4F707EF2-798F-49AD-A69C-18CA4358E74C}.Debug|Any CPU.Build.0 = Debug|Any CPU
		{4F707EF2-798F-49AD-A69C-18CA4358E74C}.Release|Any CPU.ActiveCfg = Release|Any CPU
		{4F707EF2-798F-49AD-A69C-18CA4358E74C}.Release|Any CPU.Build.0 = Release|Any CPU
	EndGlobalSection
	GlobalSection(SolutionProperties) = preSolution
		HideSolutionNode = FALSE
	EndGlobalSection
	GlobalSection(ExtensibilityGlobals) = postSolution
		SolutionGuid = {5B285A56-650A-45C9-96AF-DF4A2A2B4384}
	EndGlobalSection
EndGlobal
