
Microsoft Visual Studio Solution File, Format Version 12.00
# Visual Studio Version 16
VisualStudioVersion = 16.0.32126.315
MinimumVisualStudioVersion = 10.0.40219.1
Project("{FAE04EC0-301F-11D3-BF4B-00C04F79EFBC}") = "getter_setter", "getter_setter\getter_setter.csproj", "{CD9F97EA-8C21-4923-9773-078D2FC3C667}"
EndProject
Global
	GlobalSection(SolutionConfigurationPlatforms) = preSolution
		Debug|Any CPU = Debug|Any CPU
		Release|Any CPU = Release|Any CPU
	EndGlobalSection
	GlobalSection(ProjectConfigurationPlatforms) = postSolution
		{CD9F97EA-8C21-4923-9773-078D2FC3C667}.Debug|Any CPU.ActiveCfg = Debug|Any CPU
		{CD9F97EA-8C21-4923-9773-078D2FC3C667}.Debug|Any CPU.Build.0 = Debug|Any CPU
		{CD9F97EA-8C21-4923-9773-078D2FC3C667}.Release|Any CPU.ActiveCfg = Release|Any CPU
		{CD9F97EA-8C21-4923-9773-078D2FC3C667}.Release|Any CPU.Build.0 = Release|Any CPU
	EndGlobalSection
	GlobalSection(SolutionProperties) = preSolution
		HideSolutionNode = FALSE
	EndGlobalSection
	GlobalSection(ExtensibilityGlobals) = postSolution
		SolutionGuid = {B88BAB63-6086-43E0-AD36-BFB91E7621D5}
	EndGlobalSection
EndGlobal
