
Microsoft Visual Studio Solution File, Format Version 12.00
# Visual Studio Version 16
VisualStudioVersion = 16.0.32126.315
MinimumVisualStudioVersion = 10.0.40219.1
Project("{FAE04EC0-301F-11D3-BF4B-00C04F79EFBC}") = "Deserialization Demo", "Deserialization Demo\Deserialization Demo.csproj", "{ECF2D631-A961-4BD2-ADFB-933E2DE7ADF1}"
EndProject
Global
	GlobalSection(SolutionConfigurationPlatforms) = preSolution
		Debug|Any CPU = Debug|Any CPU
		Release|Any CPU = Release|Any CPU
	EndGlobalSection
	GlobalSection(ProjectConfigurationPlatforms) = postSolution
		{ECF2D631-A961-4BD2-ADFB-933E2DE7ADF1}.Debug|Any CPU.ActiveCfg = Debug|Any CPU
		{ECF2D631-A961-4BD2-ADFB-933E2DE7ADF1}.Debug|Any CPU.Build.0 = Debug|Any CPU
		{ECF2D631-A961-4BD2-ADFB-933E2DE7ADF1}.Release|Any CPU.ActiveCfg = Release|Any CPU
		{ECF2D631-A961-4BD2-ADFB-933E2DE7ADF1}.Release|Any CPU.Build.0 = Release|Any CPU
	EndGlobalSection
	GlobalSection(SolutionProperties) = preSolution
		HideSolutionNode = FALSE
	EndGlobalSection
	GlobalSection(ExtensibilityGlobals) = postSolution
		SolutionGuid = {2D69F2D2-6E4B-40F0-9284-02E7421CDAA4}
	EndGlobalSection
EndGlobal
