
Microsoft Visual Studio Solution File, Format Version 12.00
# Visual Studio Version 16
VisualStudioVersion = 16.0.32126.315
MinimumVisualStudioVersion = 10.0.40219.1
Project("{FAE04EC0-301F-11D3-BF4B-00C04F79EFBC}") = "ArrayListDemo", "ArrayList\ArrayListDemo.csproj", "{34939558-C91C-4F55-9D36-91AFC41C12E8}"
EndProject
Global
	GlobalSection(SolutionConfigurationPlatforms) = preSolution
		Debug|Any CPU = Debug|Any CPU
		Release|Any CPU = Release|Any CPU
	EndGlobalSection
	GlobalSection(ProjectConfigurationPlatforms) = postSolution
		{34939558-C91C-4F55-9D36-91AFC41C12E8}.Debug|Any CPU.ActiveCfg = Debug|Any CPU
		{34939558-C91C-4F55-9D36-91AFC41C12E8}.Debug|Any CPU.Build.0 = Debug|Any CPU
		{34939558-C91C-4F55-9D36-91AFC41C12E8}.Release|Any CPU.ActiveCfg = Release|Any CPU
		{34939558-C91C-4F55-9D36-91AFC41C12E8}.Release|Any CPU.Build.0 = Release|Any CPU
	EndGlobalSection
	GlobalSection(SolutionProperties) = preSolution
		HideSolutionNode = FALSE
	EndGlobalSection
	GlobalSection(ExtensibilityGlobals) = postSolution
		SolutionGuid = {0BEB6579-2915-4181-ACBD-2061177816E3}
	EndGlobalSection
EndGlobal
