
Microsoft Visual Studio Solution File, Format Version 12.00
# Visual Studio Version 16
VisualStudioVersion = 16.0.32126.315
MinimumVisualStudioVersion = 10.0.40219.1
Project("{FAE04EC0-301F-11D3-BF4B-00C04F79EFBC}") = "ThreadingStartSleepInteruptAbort", "ConsoleApp1\ThreadingStartSleepInteruptAbort.csproj", "{497DB523-AC25-4457-AA44-5E837EA77A3B}"
EndProject
Global
	GlobalSection(SolutionConfigurationPlatforms) = preSolution
		Debug|Any CPU = Debug|Any CPU
		Release|Any CPU = Release|Any CPU
	EndGlobalSection
	GlobalSection(ProjectConfigurationPlatforms) = postSolution
		{497DB523-AC25-4457-AA44-5E837EA77A3B}.Debug|Any CPU.ActiveCfg = Debug|Any CPU
		{497DB523-AC25-4457-AA44-5E837EA77A3B}.Debug|Any CPU.Build.0 = Debug|Any CPU
		{497DB523-AC25-4457-AA44-5E837EA77A3B}.Release|Any CPU.ActiveCfg = Release|Any CPU
		{497DB523-AC25-4457-AA44-5E837EA77A3B}.Release|Any CPU.Build.0 = Release|Any CPU
	EndGlobalSection
	GlobalSection(SolutionProperties) = preSolution
		HideSolutionNode = FALSE
	EndGlobalSection
	GlobalSection(ExtensibilityGlobals) = postSolution
		SolutionGuid = {61006A1D-9704-43D0-9738-7F15303A482D}
	EndGlobalSection
EndGlobal
