
Microsoft Visual Studio Solution File, Format Version 12.00
# Visual Studio Version 16
VisualStudioVersion = 16.0.32126.315
MinimumVisualStudioVersion = 10.0.40219.1
Project("{FAE04EC0-301F-11D3-BF4B-00C04F79EFBC}") = "product", "product\product.csproj", "{4A944F28-EC54-4DB9-B1E4-4203F02AA993}"
EndProject
Global
	GlobalSection(SolutionConfigurationPlatforms) = preSolution
		Debug|Any CPU = Debug|Any CPU
		Release|Any CPU = Release|Any CPU
	EndGlobalSection
	GlobalSection(ProjectConfigurationPlatforms) = postSolution
		{4A944F28-EC54-4DB9-B1E4-4203F02AA993}.Debug|Any CPU.ActiveCfg = Debug|Any CPU
		{4A944F28-EC54-4DB9-B1E4-4203F02AA993}.Debug|Any CPU.Build.0 = Debug|Any CPU
		{4A944F28-EC54-4DB9-B1E4-4203F02AA993}.Release|Any CPU.ActiveCfg = Release|Any CPU
		{4A944F28-EC54-4DB9-B1E4-4203F02AA993}.Release|Any CPU.Build.0 = Release|Any CPU
	EndGlobalSection
	GlobalSection(SolutionProperties) = preSolution
		HideSolutionNode = FALSE
	EndGlobalSection
	GlobalSection(ExtensibilityGlobals) = postSolution
		SolutionGuid = {46543B37-7BA5-407A-9AE0-6AFD8F3BAB34}
	EndGlobalSection
EndGlobal
