
Microsoft Visual Studio Solution File, Format Version 12.00
# Visual Studio Version 16
VisualStudioVersion = 16.0.32126.315
MinimumVisualStudioVersion = 10.0.40219.1
Project("{FAE04EC0-301F-11D3-BF4B-00C04F79EFBC}") = "methodoverriding2", "methodoverriding2\methodoverriding2.csproj", "{71C523FB-D816-4834-8B83-37E6C17AD643}"
EndProject
Global
	GlobalSection(SolutionConfigurationPlatforms) = preSolution
		Debug|Any CPU = Debug|Any CPU
		Release|Any CPU = Release|Any CPU
	EndGlobalSection
	GlobalSection(ProjectConfigurationPlatforms) = postSolution
		{71C523FB-D816-4834-8B83-37E6C17AD643}.Debug|Any CPU.ActiveCfg = Debug|Any CPU
		{71C523FB-D816-4834-8B83-37E6C17AD643}.Debug|Any CPU.Build.0 = Debug|Any CPU
		{71C523FB-D816-4834-8B83-37E6C17AD643}.Release|Any CPU.ActiveCfg = Release|Any CPU
		{71C523FB-D816-4834-8B83-37E6C17AD643}.Release|Any CPU.Build.0 = Release|Any CPU
	EndGlobalSection
	GlobalSection(SolutionProperties) = preSolution
		HideSolutionNode = FALSE
	EndGlobalSection
	GlobalSection(ExtensibilityGlobals) = postSolution
		SolutionGuid = {138E47CF-4FE3-4DF0-8A56-04FC196D2239}
	EndGlobalSection
EndGlobal
