
Microsoft Visual Studio Solution File, Format Version 12.00
# Visual Studio Version 16
VisualStudioVersion = 16.0.32126.315
MinimumVisualStudioVersion = 10.0.40219.1
Project("{FAE04EC0-301F-11D3-BF4B-00C04F79EFBC}") = "AreaAbstract", "AreaAbstract\AreaAbstract.csproj", "{1B2A9369-5ED2-4380-BC51-E1A9E6C58E50}"
EndProject
Global
	GlobalSection(SolutionConfigurationPlatforms) = preSolution
		Debug|Any CPU = Debug|Any CPU
		Release|Any CPU = Release|Any CPU
	EndGlobalSection
	GlobalSection(ProjectConfigurationPlatforms) = postSolution
		{1B2A9369-5ED2-4380-BC51-E1A9E6C58E50}.Debug|Any CPU.ActiveCfg = Debug|Any CPU
		{1B2A9369-5ED2-4380-BC51-E1A9E6C58E50}.Debug|Any CPU.Build.0 = Debug|Any CPU
		{1B2A9369-5ED2-4380-BC51-E1A9E6C58E50}.Release|Any CPU.ActiveCfg = Release|Any CPU
		{1B2A9369-5ED2-4380-BC51-E1A9E6C58E50}.Release|Any CPU.Build.0 = Release|Any CPU
	EndGlobalSection
	GlobalSection(SolutionProperties) = preSolution
		HideSolutionNode = FALSE
	EndGlobalSection
	GlobalSection(ExtensibilityGlobals) = postSolution
		SolutionGuid = {CF85E0FD-D65D-4D53-A61D-6495F27591E9}
	EndGlobalSection
EndGlobal
