
Microsoft Visual Studio Solution File, Format Version 12.00
# Visual Studio Version 16
VisualStudioVersion = 16.0.32126.315
MinimumVisualStudioVersion = 10.0.40219.1
Project("{FAE04EC0-301F-11D3-BF4B-00C04F79EFBC}") = "Serialization And Deserialization Demo", "Serialization Demo\Serialization And Deserialization Demo.csproj", "{AA8A641F-9165-49FF-9112-704A8B337E3D}"
EndProject
Global
	GlobalSection(SolutionConfigurationPlatforms) = preSolution
		Debug|Any CPU = Debug|Any CPU
		Release|Any CPU = Release|Any CPU
	EndGlobalSection
	GlobalSection(ProjectConfigurationPlatforms) = postSolution
		{AA8A641F-9165-49FF-9112-704A8B337E3D}.Debug|Any CPU.ActiveCfg = Debug|Any CPU
		{AA8A641F-9165-49FF-9112-704A8B337E3D}.Debug|Any CPU.Build.0 = Debug|Any CPU
		{AA8A641F-9165-49FF-9112-704A8B337E3D}.Release|Any CPU.ActiveCfg = Release|Any CPU
		{AA8A641F-9165-49FF-9112-704A8B337E3D}.Release|Any CPU.Build.0 = Release|Any CPU
	EndGlobalSection
	GlobalSection(SolutionProperties) = preSolution
		HideSolutionNode = FALSE
	EndGlobalSection
	GlobalSection(ExtensibilityGlobals) = postSolution
		SolutionGuid = {C06FBA81-BDAF-4227-84B8-89109C3A5A7B}
	EndGlobalSection
EndGlobal
