
Microsoft Visual Studio Solution File, Format Version 12.00
# Visual Studio Version 16
VisualStudioVersion = 16.0.32126.315
MinimumVisualStudioVersion = 10.0.40219.1
Project("{FAE04EC0-301F-11D3-BF4B-00C04F79EFBC}") = "Multithreading with abort", "Multithreading with abort\Multithreading with abort.csproj", "{2AD1FC1A-FE4F-4EC1-8AC6-73C2440CA003}"
EndProject
Global
	GlobalSection(SolutionConfigurationPlatforms) = preSolution
		Debug|Any CPU = Debug|Any CPU
		Release|Any CPU = Release|Any CPU
	EndGlobalSection
	GlobalSection(ProjectConfigurationPlatforms) = postSolution
		{2AD1FC1A-FE4F-4EC1-8AC6-73C2440CA003}.Debug|Any CPU.ActiveCfg = Debug|Any CPU
		{2AD1FC1A-FE4F-4EC1-8AC6-73C2440CA003}.Debug|Any CPU.Build.0 = Debug|Any CPU
		{2AD1FC1A-FE4F-4EC1-8AC6-73C2440CA003}.Release|Any CPU.ActiveCfg = Release|Any CPU
		{2AD1FC1A-FE4F-4EC1-8AC6-73C2440CA003}.Release|Any CPU.Build.0 = Release|Any CPU
	EndGlobalSection
	GlobalSection(SolutionProperties) = preSolution
		HideSolutionNode = FALSE
	EndGlobalSection
	GlobalSection(ExtensibilityGlobals) = postSolution
		SolutionGuid = {158358EB-04F3-4410-A709-A2D7AA5DF398}
	EndGlobalSection
EndGlobal
