
Microsoft Visual Studio Solution File, Format Version 12.00
# Visual Studio Version 16
VisualStudioVersion = 16.0.32126.315
MinimumVisualStudioVersion = 10.0.40219.1
Project("{FAE04EC0-301F-11D3-BF4B-00C04F79EFBC}") = "ExpressionBodiedMembersExample", "ExpressionBodiedMembersExample\ExpressionBodiedMembersExample.csproj", "{EFAA52E7-77FE-4EC9-B342-315BC8B560DF}"
EndProject
Global
	GlobalSection(SolutionConfigurationPlatforms) = preSolution
		Debug|Any CPU = Debug|Any CPU
		Release|Any CPU = Release|Any CPU
	EndGlobalSection
	GlobalSection(ProjectConfigurationPlatforms) = postSolution
		{EFAA52E7-77FE-4EC9-B342-315BC8B560DF}.Debug|Any CPU.ActiveCfg = Debug|Any CPU
		{EFAA52E7-77FE-4EC9-B342-315BC8B560DF}.Debug|Any CPU.Build.0 = Debug|Any CPU
		{EFAA52E7-77FE-4EC9-B342-315BC8B560DF}.Release|Any CPU.ActiveCfg = Release|Any CPU
		{EFAA52E7-77FE-4EC9-B342-315BC8B560DF}.Release|Any CPU.Build.0 = Release|Any CPU
	EndGlobalSection
	GlobalSection(SolutionProperties) = preSolution
		HideSolutionNode = FALSE
	EndGlobalSection
	GlobalSection(ExtensibilityGlobals) = postSolution
		SolutionGuid = {DE17A46C-7418-4D78-94DE-079415FC1305}
	EndGlobalSection
EndGlobal
