
Microsoft Visual Studio Solution File, Format Version 12.00
# Visual Studio Version 16
VisualStudioVersion = 16.0.32126.315
MinimumVisualStudioVersion = 10.0.40219.1
Project("{FAE04EC0-301F-11D3-BF4B-00C04F79EFBC}") = "methodOverloading", "methodOverloading\methodOverloading.csproj", "{4A434C7E-0695-4CB3-B3D3-803BF20FC21E}"
EndProject
Global
	GlobalSection(SolutionConfigurationPlatforms) = preSolution
		Debug|Any CPU = Debug|Any CPU
		Release|Any CPU = Release|Any CPU
	EndGlobalSection
	GlobalSection(ProjectConfigurationPlatforms) = postSolution
		{4A434C7E-0695-4CB3-B3D3-803BF20FC21E}.Debug|Any CPU.ActiveCfg = Debug|Any CPU
		{4A434C7E-0695-4CB3-B3D3-803BF20FC21E}.Debug|Any CPU.Build.0 = Debug|Any CPU
		{4A434C7E-0695-4CB3-B3D3-803BF20FC21E}.Release|Any CPU.ActiveCfg = Release|Any CPU
		{4A434C7E-0695-4CB3-B3D3-803BF20FC21E}.Release|Any CPU.Build.0 = Release|Any CPU
	EndGlobalSection
	GlobalSection(SolutionProperties) = preSolution
		HideSolutionNode = FALSE
	EndGlobalSection
	GlobalSection(ExtensibilityGlobals) = postSolution
		SolutionGuid = {DDD393FF-D418-4F81-A95B-446F1E6460B3}
	EndGlobalSection
EndGlobal
